
Microsoft Visual Studio Solution File, Format Version 12.00
# Visual Studio Version 17
VisualStudioVersion = 17.6.33815.320
MinimumVisualStudioVersion = 10.0.40219.1
Project("{FAE04EC0-301F-11D3-BF4B-00C04F79EFBC}") = "Five-Card Daw", "Five-Card Daw.csproj", "{21E615D1-79AB-4510-BAEB-981BBB1C2896}"
EndProject
Global
	GlobalSection(SolutionConfigurationPlatforms) = preSolution
		Debug|Any CPU = Debug|Any CPU
		Release|Any CPU = Release|Any CPU
	EndGlobalSection
	GlobalSection(ProjectConfigurationPlatforms) = postSolution
		{21E615D1-79AB-4510-BAEB-981BBB1C2896}.Debug|Any CPU.ActiveCfg = Debug|Any CPU
		{21E615D1-79AB-4510-BAEB-981BBB1C2896}.Debug|Any CPU.Build.0 = Debug|Any CPU
		{21E615D1-79AB-4510-BAEB-981BBB1C2896}.Release|Any CPU.ActiveCfg = Release|Any CPU
		{21E615D1-79AB-4510-BAEB-981BBB1C2896}.Release|Any CPU.Build.0 = Release|Any CPU
	EndGlobalSection
	GlobalSection(SolutionProperties) = preSolution
		HideSolutionNode = FALSE
	EndGlobalSection
	GlobalSection(ExtensibilityGlobals) = postSolution
		SolutionGuid = {51EB44CE-C1AE-451E-BA41-00C997B9EE47}
	EndGlobalSection
EndGlobal
